github.com/json-iterator/tinygo v0.0.0-20211221071957-84b5b690c8a0 h1:/cd98gHSKnKHcYYyBJ9qNvHxYZdXzJC8JMs42gMPp5I=
github.com/json-iterator/tinygo v0.0.0-20211221071957-84b5b690c8a0/go.mod h1:sR5SXbtbtp8PxPu3yGjZug4AS5aAur8jQZl9DXYTpP0=
github.com/soypat/natiu-mqtt v0.5.1 h1:rwaDmlvjzD2+3MCOjMZc4QEkDkNwDzbct2TJbpz+TPc=
github.com/soypat/natiu-mqtt v0.5.1/go.mod h1:xEta+cwop9izVCW7xOx2W+ct9PRMqr0gNVkvBPnQTc4=
